// !$*UTF8*$!
{
	archiveVersion = 1;
	classes = {
	};
	objectVersion = 50;
	objects = {

/* Begin PBXBuildFile section */
		BF3A71AF21C7619A007F1B22 /* CustomButton.swift in Sources */ = {isa = PBXBuildFile; fileRef = BF3A71AE21C7619A007F1B22 /* CustomButton.swift */; };
		BF47727121C643F700287865 /* EatRecord.swift in Sources */ = {isa = PBXBuildFile; fileRef = BF47727021C643F700287865 /* EatRecord.swift */; };
		BF62C75821C5344F00C6A2D4 /* AppDelegate.swift in Sources */ = {isa = PBXBuildFile; fileRef = BF62C75721C5344F00C6A2D4 /* AppDelegate.swift */; };
		BF62C75F21C5345400C6A2D4 /* Assets.xcassets in Resources */ = {isa = PBXBuildFile; fileRef = BF62C75E21C5345400C6A2D4 /* Assets.xcassets */; };
		BF62C77321C5601800C6A2D4 /* MainViewController.swift in Sources */ = {isa = PBXBuildFile; fileRef = BF62C77121C5601800C6A2D4 /* MainViewController.swift */; };
		BF62C77421C5601800C6A2D4 /* MainViewController.xib in Resources */ = {isa = PBXBuildFile; fileRef = BF62C77221C5601800C6A2D4 /* MainViewController.xib */; };
		BFBD69E221C75EFB000650F3 /* UIColorHex.swift in Sources */ = {isa = PBXBuildFile; fileRef = BFBD69E121C75EFB000650F3 /* UIColorHex.swift */; };
		CC5A4E5252511C96BCA489D4 /* Pods_HealthMakingHack.framework in Frameworks */ = {isa = PBXBuildFile; fileRef = 38531A83B31CFE3FBF1CC67C /* Pods_HealthMakingHack.framework */; };
/* End PBXBuildFile section */

/* Begin PBXFileReference section */
		129DDC29ECE3D54688EC61E2 /* Pods-HealthMakingHack.debug.xcconfig */ = {isa = PBXFileReference; includeInIndex = 1; lastKnownFileType = text.xcconfig; name = "Pods-HealthMakingHack.debug.xcconfig"; path = "Target Support Files/Pods-HealthMakingHack/Pods-HealthMakingHack.debug.xcconfig"; sourceTree = "<group>"; };
		38531A83B31CFE3FBF1CC67C /* Pods_HealthMakingHack.framework */ = {isa = PBXFileReference; explicitFileType = wrapper.framework; includeInIndex = 0; path = Pods_HealthMakingHack.framework; sourceTree = BUILT_PRODUCTS_DIR; };
		BF3A71AE21C7619A007F1B22 /* CustomButton.swift */ = {isa = PBXFileReference; lastKnownFileType = sourcecode.swift; path = CustomButton.swift; sourceTree = "<group>"; };
		BF47727021C643F700287865 /* EatRecord.swift */ = {isa = PBXFileReference; lastKnownFileType = sourcecode.swift; path = EatRecord.swift; sourceTree = "<group>"; };
		BF62C75421C5344F00C6A2D4 /* HealthMakingHack.app */ = {isa = PBXFileReference; explicitFileType = wrapper.application; includeInIndex = 0; path = HealthMakingHack.app; sourceTree = BUILT_PRODUCTS_DIR; };
		BF62C75721C5344F00C6A2D4 /* AppDelegate.swift */ = {isa = PBXFileReference; lastKnownFileType = sourcecode.swift; path = AppDelegate.swift; sourceTree = "<group>"; };
		BF62C75E21C5345400C6A2D4 /* Assets.xcassets */ = {isa = PBXFileReference; lastKnownFileType = folder.assetcatalog; path = Assets.xcassets; sourceTree = "<group>"; };
		BF62C76321C5345400C6A2D4 /* Info.plist */ = {isa = PBXFileReference; lastKnownFileType = text.plist.xml; path = Info.plist; sourceTree = "<group>"; };
		BF62C77121C5601800C6A2D4 /* MainViewController.swift */ = {isa = PBXFileReference; lastKnownFileType = sourcecode.swift; path = MainViewController.swift; sourceTree = "<group>"; };
		BF62C77221C5601800C6A2D4 /* MainViewController.xib */ = {isa = PBXFileReference; lastKnownFileType = file.xib; path = MainViewController.xib; sourceTree = "<group>"; };
		BFBD69E121C75EFB000650F3 /* UIColorHex.swift */ = {isa = PBXFileReference; lastKnownFileType = sourcecode.swift; path = UIColorHex.swift; sourceTree = "<group>"; };
		C8A1E56664B514A8A516A59B /* Pods-HealthMakingHack.release.xcconfig */ = {isa = PBXFileReference; includeInIndex = 1; lastKnownFileType = text.xcconfig; name = "Pods-HealthMakingHack.release.xcconfig"; path = "Target Support Files/Pods-HealthMakingHack/Pods-HealthMakingHack.release.xcconfig"; sourceTree = "<group>"; };
/* End PBXFileReference section */

/* Begin PBXFrameworksBuildPhase section */
		BF62C75121C5344F00C6A2D4 /* Frameworks */ = {
			isa = PBXFrameworksBuildPhase;
			buildActionMask = 2147483647;
			files = (
				CC5A4E5252511C96BCA489D4 /* Pods_HealthMakingHack.framework in Frameworks */,
			);
			runOnlyForDeploymentPostprocessing = 0;
		};
/* End PBXFrameworksBuildPhase section */

/* Begin PBXGroup section */
		47CCADBDEDF4F53E05E126B0 /* Pods */ = {
			isa = PBXGroup;
			children = (
				129DDC29ECE3D54688EC61E2 /* Pods-HealthMakingHack.debug.xcconfig */,
				C8A1E56664B514A8A516A59B /* Pods-HealthMakingHack.release.xcconfig */,
			);
			path = Pods;
			sourceTree = "<group>";
		};
		BF62C74B21C5344F00C6A2D4 = {
			isa = PBXGroup;
			children = (
				BF62C75621C5344F00C6A2D4 /* HealthMakingHack */,
				BF62C75521C5344F00C6A2D4 /* Products */,
				47CCADBDEDF4F53E05E126B0 /* Pods */,
				ED898C6FEC47C6D86A945C48 /* Frameworks */,
			);
			sourceTree = "<group>";
		};
		BF62C75521C5344F00C6A2D4 /* Products */ = {
			isa = PBXGroup;
			children = (
				BF62C75421C5344F00C6A2D4 /* HealthMakingHack.app */,
			);
			name = Products;
			sourceTree = "<group>";
		};
		BF62C75621C5344F00C6A2D4 /* HealthMakingHack */ = {
			isa = PBXGroup;
			children = (
				BF62C75721C5344F00C6A2D4 /* AppDelegate.swift */,
				BF62C75E21C5345400C6A2D4 /* Assets.xcassets */,
				BF62C76321C5345400C6A2D4 /* Info.plist */,
				BF62C77121C5601800C6A2D4 /* MainViewController.swift */,
				BF62C77221C5601800C6A2D4 /* MainViewController.xib */,
				BF47727021C643F700287865 /* EatRecord.swift */,
				BFBD69E121C75EFB000650F3 /* UIColorHex.swift */,
				BF3A71AE21C7619A007F1B22 /* CustomButton.swift */,
			);
			path = HealthMakingHack;
			sourceTree = "<group>";
		};
		ED898C6FEC47C6D86A945C48 /* Frameworks */ = {
			isa = PBXGroup;
			children = (
				38531A83B31CFE3FBF1CC67C /* Pods_HealthMakingHack.framework */,
			);
			name = Frameworks;
			sourceTree = "<group>";
		};
/* End PBXGroup section */

/* Begin PBXNativeTarget section */
		BF62C75321C5344F00C6A2D4 /* HealthMakingHack */ = {
			isa = PBXNativeTarget;
			buildConfigurationList = BF62C76621C5345400C6A2D4 /* Build configuration list for PBXNativeTarget "HealthMakingHack" */;
			buildPhases = (
				E57158CF5B011F1FCF4535F9 /* [CP] Check Pods Manifest.lock */,
				BF62C75021C5344F00C6A2D4 /* Sources */,
				BF62C75121C5344F00C6A2D4 /* Frameworks */,
				BF62C75221C5344F00C6A2D4 /* Resources */,
				4A244ACF7DEDD4BE8E87B33E /* [CP] Embed Pods Frameworks */,
			);
			buildRules = (
			);
			dependencies = (
			);
			name = HealthMakingHack;
			productName = HealthMakingHack;
			productReference = BF62C75421C5344F00C6A2D4 /* HealthMakingHack.app */;
			productType = "com.apple.product-type.application";
		};
/* End PBXNativeTarget section */

/* Begin PBXProject section */
		BF62C74C21C5344F00C6A2D4 /* Project object */ = {
			isa = PBXProject;
			attributes = {
				LastSwiftUpdateCheck = 1010;
				LastUpgradeCheck = 1010;
				ORGANIZATIONNAME = uoa_RLS;
				TargetAttributes = {
					BF62C75321C5344F00C6A2D4 = {
						CreatedOnToolsVersion = 10.1;
					};
				};
			};
			buildConfigurationList = BF62C74F21C5344F00C6A2D4 /* Build configuration list for PBXProject "HealthMakingHack" */;
			compatibilityVersion = "Xcode 9.3";
			developmentRegion = en;
			hasScannedForEncodings = 0;
			knownRegions = (
				en,
				Base,
			);
			mainGroup = BF62C74B21C5344F00C6A2D4;
			productRefGroup = BF62C75521C5344F00C6A2D4 /* Products */;
			projectDirPath = "";
			projectRoot = "";
			targets = (
				BF62C75321C5344F00C6A2D4 /* HealthMakingHack */,
			);
		};
/* End PBXProject section */

/* Begin PBXResourcesBuildPhase section */
		BF62C75221C5344F00C6A2D4 /* Resources */ = {
			isa = PBXResourcesBuildPhase;
			buildActionMask = 2147483647;
			files = (
				BF62C75F21C5345400C6A2D4 /* Assets.xcassets in Resources */,
				BF62C77421C5601800C6A2D4 /* MainViewController.xib in Resources */,
			);
			runOnlyForDeploymentPostprocessing = 0;
		};
/* End PBXResourcesBuildPhase section */

/* Begin PBXShellScriptBuildPhase section */
		4A244ACF7DEDD4BE8E87B33E /* [CP] Embed Pods Frameworks */ = {
			isa = PBXShellScriptBuildPhase;
			buildActionMask = 2147483647;
			files = (
			);
			inputFileListPaths = (
			);
			inputPaths = (
				"${PODS_ROOT}/Target Support Files/Pods-HealthMakingHack/Pods-HealthMakingHack-frameworks.sh",
				"${BUILT_PRODUCTS_DIR}/Realm/Realm.framework",
				"${BUILT_PRODUCTS_DIR}/RealmSwift/RealmSwift.framework",
			);
			name = "[CP] Embed Pods Frameworks";
			outputFileListPaths = (
			);
			outputPaths = (
				"${TARGET_BUILD_DIR}/${FRAMEWORKS_FOLDER_PATH}/Realm.framework",
				"${TARGET_BUILD_DIR}/${FRAMEWORKS_FOLDER_PATH}/RealmSwift.framework",
			);
			runOnlyForDeploymentPostprocessing = 0;
			shellPath = /bin/sh;
			shellScript = "\"${PODS_ROOT}/Target Support Files/Pods-HealthMakingHack/Pods-HealthMakingHack-frameworks.sh\"\n";
			showEnvVarsInLog = 0;
		};
		E57158CF5B011F1FCF4535F9 /* [CP] Check Pods Manifest.lock */ = {
			isa = PBXShellScriptBuildPhase;
			buildActionMask = 2147483647;
			files = (
			);
			inputFileListPaths = (
			);
			inputPaths = (
				"${PODS_PODFILE_DIR_PATH}/Podfile.lock",
				"${PODS_ROOT}/Manifest.lock",
			);
			name = "[CP] Check Pods Manifest.lock";
			outputFileListPaths = (
			);
			outputPaths = (
				"$(DERIVED_FILE_DIR)/Pods-HealthMakingHack-checkManifestLockResult.txt",
			);
			runOnlyForDeploymentPostprocessing = 0;
			shellPath = /bin/sh;
			shellScript = "diff \"${PODS_PODFILE_DIR_PATH}/Podfile.lock\" \"${PODS_ROOT}/Manifest.lock\" > /dev/null\nif [ $? != 0 ] ; then\n    # print error to STDERR\n    echo \"error: The sandbox is not in sync with the Podfile.lock. Run 'pod install' or update your CocoaPods installation.\" >&2\n    exit 1\nfi\n# This output is used by Xcode 'outputs' to avoid re-running this script phase.\necho \"SUCCESS\" > \"${SCRIPT_OUTPUT_FILE_0}\"\n";
			showEnvVarsInLog = 0;
		};
/* End PBXShellScriptBuildPhase section */

/* Begin PBXSourcesBuildPhase section */
		BF62C75021C5344F00C6A2D4 /* Sources */ = {
			isa = PBXSourcesBuildPhase;
			buildActionMask = 2147483647;
			files = (
				BF47727121C643F700287865 /* EatRecord.swift in Sources */,
				BFBD69E221C75EFB000650F3 /* UIColorHex.swift in Sources */,
				BF62C75821C5344F00C6A2D4 /* AppDelegate.swift in Sources */,
				BF62C77321C5601800C6A2D4 /* MainViewController.swift in Sources */,
				BF3A71AF21C7619A007F1B22 /* CustomButton.swift in Sources */,
			);
			runOnlyForDeploymentPostprocessing = 0;
		};
/* End PBXSourcesBuildPhase section */

/* Begin XCBuildConfiguration section */
		BF62C76421C5345400C6A2D4 /* Debug */ = {
			isa = XCBuildConfiguration;
			buildSettings = {
				ALWAYS_SEARCH_USER_PATHS = NO;
				CLANG_ANALYZER_NONNULL = YES;
				CLANG_ANALYZER_NUMBER_OBJECT_CONVERSION = YES_AGGRESSIVE;
				CLANG_CXX_LANGUAGE_STANDARD = "gnu++14";
				CLANG_CXX_LIBRARY = "libc++";
				CLANG_ENABLE_MODULES = YES;
				CLANG_ENABLE_OBJC_ARC = YES;
				CLANG_ENABLE_OBJC_WEAK = YES;
				CLANG_WARN_BLOCK_CAPTURE_AUTORELEASING = YES;
				CLANG_WARN_BOOL_CONVERSION = YES;
				CLANG_WARN_COMMA = YES;
				CLANG_WARN_CONSTANT_CONVERSION = YES;
				CLANG_WARN_DEPRECATED_OBJC_IMPLEMENTATIONS = YES;
				CLANG_WARN_DIRECT_OBJC_ISA_USAGE = YES_ERROR;
				CLANG_WARN_DOCUMENTATION_COMMENTS = YES;
				CLANG_WARN_EMPTY_BODY = YES;
				CLANG_WARN_ENUM_CONVERSION = YES;
				CLANG_WARN_INFINITE_RECURSION = YES;
				CLANG_WARN_INT_CONVERSION = YES;
				CLANG_WARN_NON_LITERAL_NULL_CONVERSION = YES;
				CLANG_WARN_OBJC_IMPLICIT_RETAIN_SELF = YES;
				CLANG_WARN_OBJC_LITERAL_CONVERSION = YES;
				CLANG_WARN_OBJC_ROOT_CLASS = YES_ERROR;
				CLANG_WARN_RANGE_LOOP_ANALYSIS = YES;
				CLANG_WARN_STRICT_PROTOTYPES = YES;
				CLANG_WARN_SUSPICIOUS_MOVE = YES;
				CLANG_WARN_UNGUARDED_AVAILABILITY = YES_AGGRESSIVE;
				CLANG_WARN_UNREACHABLE_CODE = YES;
				CLANG_WARN__DUPLICATE_METHOD_MATCH = YES;
				CODE_SIGN_IDENTITY = "iPhone Developer";
				COPY_PHASE_STRIP = NO;
				DEBUG_INFORMATION_FORMAT = dwarf;
				ENABLE_STRICT_OBJC_MSGSEND = YES;
				ENABLE_TESTABILITY = YES;
				GCC_C_LANGUAGE_STANDARD = gnu11;
				GCC_DYNAMIC_NO_PIC = NO;
				GCC_NO_COMMON_BLOCKS = YES;
				GCC_OPTIMIZATION_LEVEL = 0;
				GCC_PREPROCESSOR_DEFINITIONS = (
					"DEBUG=1",
					"$(inherited)",
				);
				GCC_WARN_64_TO_32_BIT_CONVERSION = YES;
				GCC_WARN_ABOUT_RETURN_TYPE = YES_ERROR;
				GCC_WARN_UNDECLARED_SELECTOR = YES;
				GCC_WARN_UNINITIALIZED_AUTOS = YES_AGGRESSIVE;
				GCC_WARN_UNUSED_FUNCTION = YES;
				GCC_WARN_UNUSED_VARIABLE = YES;
				IPHONEOS_DEPLOYMENT_TARGET = 12.1;
				MTL_ENABLE_DEBUG_INFO = INCLUDE_SOURCE;
				MTL_FAST_MATH = YES;
				ONLY_ACTIVE_ARCH = YES;
				SDKROOT = iphoneos;
				SWIFT_ACTIVE_COMPILATION_CONDITIONS = DEBUG;
				SWIFT_OPTIMIZATION_LEVEL = "-Onone";
			};
			name = Debug;
		};
		BF62C76521C5345400C6A2D4 /* Release */ = {
			isa = XCBuildConfiguration;
			buildSettings = {
				ALWAYS_SEARCH_USER_PATHS = NO;
				CLANG_ANALYZER_NONNULL = YES;
				CLANG_ANALYZER_NUMBER_OBJECT_CONVERSION = YES_AGGRESSIVE;
				CLANG_CXX_LANGUAGE_STANDARD = "gnu++14";
				CLANG_CXX_LIBRARY = "libc++";
				CLANG_ENABLE_MODULES = YES;
				CLANG_ENABLE_OBJC_ARC = YES;
				CLANG_ENABLE_OBJC_WEAK = YES;
				CLANG_WARN_BLOCK_CAPTURE_AUTORELEASING = YES;
				CLANG_WARN_BOOL_CONVERSION = YES;
				CLANG_WARN_COMMA = YES;
				CLANG_WARN_CONSTANT_CONVERSION = YES;
				CLANG_WARN_DEPRECATED_OBJC_IMPLEMENTATIONS = YES;
				CLANG_WARN_DIRECT_OBJC_ISA_USAGE = YES_ERROR;
				CLANG_WARN_DOCUMENTATION_COMMENTS = YES;
				CLANG_WARN_EMPTY_BODY = YES;
				CLANG_WARN_ENUM_CONVERSION = YES;
				CLANG_WARN_INFINITE_RECURSION = YES;
				CLANG_WARN_INT_CONVERSION = YES;
				CLANG_WARN_NON_LITERAL_NULL_CONVERSION = YES;
				CLANG_WARN_OBJC_IMPLICIT_RETAIN_SELF = YES;
				CLANG_WARN_OBJC_LITERAL_CONVERSION = YES;
				CLANG_WARN_OBJC_ROOT_CLASS = YES_ERROR;
				CLANG_WARN_RANGE_LOOP_ANALYSIS = YES;
				CLANG_WARN_STRICT_PROTOTYPES = YES;
				CLANG_WARN_SUSPICIOUS_MOVE = YES;
				CLANG_WARN_UNGUARDED_AVAILABILITY = YES_AGGRESSIVE;
				CLANG_WARN_UNREACHABLE_CODE = YES;
				CLANG_WARN__DUPLICATE_METHOD_MATCH = YES;
				CODE_SIGN_IDENTITY = "iPhone Developer";
				COPY_PHASE_STRIP = NO;
				DEBUG_INFORMATION_FORMAT = "dwarf-with-dsym";
				ENABLE_NS_ASSERTIONS = NO;
				ENABLE_STRICT_OBJC_MSGSEND = YES;
				GCC_C_LANGUAGE_STANDARD = gnu11;
				GCC_NO_COMMON_BLOCKS = YES;
				GCC_WARN_64_TO_32_BIT_CONVERSION = YES;
				GCC_WARN_ABOUT_RETURN_TYPE = YES_ERROR;
				GCC_WARN_UNDECLARED_SELECTOR = YES;
				GCC_WARN_UNINITIALIZED_AUTOS = YES_AGGRESSIVE;
				GCC_WARN_UNUSED_FUNCTION = YES;
				GCC_WARN_UNUSED_VARIABLE = YES;
				IPHONEOS_DEPLOYMENT_TARGET = 12.1;
				MTL_ENABLE_DEBUG_INFO = NO;
				MTL_FAST_MATH = YES;
				SDKROOT = iphoneos;
				SWIFT_COMPILATION_MODE = wholemodule;
				SWIFT_OPTIMIZATION_LEVEL = "-O";
				VALIDATE_PRODUCT = YES;
			};
			name = Release;
		};
		BF62C76721C5345400C6A2D4 /* Debug */ = {
			isa = XCBuildConfiguration;
			baseConfigurationReference = 129DDC29ECE3D54688EC61E2 /* Pods-HealthMakingHack.debug.xcconfig */;
			buildSettings = {
				ASSETCATALOG_COMPILER_APPICON_NAME = AppIcon;
				CODE_SIGN_STYLE = Automatic;
				DEVELOPMENT_TEAM = "";
				INFOPLIST_FILE = HealthMakingHack/Info.plist;
				LD_RUNPATH_SEARCH_PATHS = (
					"$(inherited)",
					"@executable_path/Frameworks",
				);
				PRODUCT_BUNDLE_IDENTIFIER = "ry-itto.HealthMakingHack";
				PRODUCT_NAME = "$(TARGET_NAME)";
				SWIFT_VERSION = 4.2;
				TARGETED_DEVICE_FAMILY = "1,2";
			};
			name = Debug;
		};
		BF62C76821C5345400C6A2D4 /* Release */ = {
			isa = XCBuildConfiguration;
			baseConfigurationReference = C8A1E56664B514A8A516A59B /* Pods-HealthMakingHack.release.xcconfig */;
			buildSettings = {
				ASSETCATALOG_COMPILER_APPICON_NAME = AppIcon;
				CODE_SIGN_STYLE = Automatic;
				DEVELOPMENT_TEAM = "";
				INFOPLIST_FILE = HealthMakingHack/Info.plist;
				LD_RUNPATH_SEARCH_PATHS = (
					"$(inherited)",
					"@executable_path/Frameworks",
				);
				PRODUCT_BUNDLE_IDENTIFIER = "ry-itto.HealthMakingHack";
				PRODUCT_NAME = "$(TARGET_NAME)";
				SWIFT_VERSION = 4.2;
				TARGETED_DEVICE_FAMILY = "1,2";
			};
			name = Release;
		};
/* End XCBuildConfiguration section */

/* Begin XCConfigurationList section */
		BF62C74F21C5344F00C6A2D4 /* Build configuration list for PBXProject "HealthMakingHack" */ = {
			isa = XCConfigurationList;
			buildConfigurations = (
				BF62C76421C5345400C6A2D4 /* Debug */,
				BF62C76521C5345400C6A2D4 /* Release */,
			);
			defaultConfigurationIsVisible = 0;
			defaultConfigurationName = Release;
		};
		BF62C76621C5345400C6A2D4 /* Build configuration list for PBXNativeTarget "HealthMakingHack" */ = {
			isa = XCConfigurationList;
			buildConfigurations = (
				BF62C76721C5345400C6A2D4 /* Debug */,
				BF62C76821C5345400C6A2D4 /* Release */,
			);
			defaultConfigurationIsVisible = 0;
			defaultConfigurationName = Release;
		};
/* End XCConfigurationList section */
	};
	rootObject = BF62C74C21C5344F00C6A2D4 /* Project object */;
}
