PODS:
  - Realm (3.13.0):
    - Realm/Headers (= 3.13.0)
  - Realm/Headers (3.13.0)
  - RealmSwift (3.13.0):
    - Realm (= 3.13.0)
  - SwiftyGif (4.2.0)

DEPENDENCIES:
  - RealmSwift
  - SwiftyGif

SPEC REPOS:
  https://github.com/cocoapods/specs.git:
    - Realm
    - RealmSwift
    - SwiftyGif

SPEC CHECKSUMS:
  Realm: 5edd2ee65406aef591a4f9895de5a3440e51b3d8
  RealmSwift: be5ebc7930e37cd3376b41cec7f21984528aaa16
  SwiftyGif: a149bf84df23370592f3f075561ae02c8632a314

PODFILE CHECKSUM: 0a063fafb1feb764d4ef147a17f54def64554baf

COCOAPODS: 1.6.0.beta.2
